uuid: bba9da95-609b-4c90-87c2-4257541a6796
langcode: en
status: false
dependencies:
  content:
    - 'block_content:block_with_twig_templating_:29bba485-6f56-4738-9227-9950b9514f7e'
  module:
    - block_content
  theme:
    - seven
id: nateandtwigblock
theme: seven
region: content
weight: 0
provider: null
plugin: 'block_content:29bba485-6f56-4738-9227-9950b9514f7e'
settings:
  id: 'block_content:29bba485-6f56-4738-9227-9950b9514f7e'
  label: nate
  provider: block_content
  label_display: '0'
  status: true
  info: ''
  view_mode: full
visibility: {  }
